
Microsoft Visual Studio Solution File, Format Version 12.00
# Visual Studio Version 16
VisualStudioVersion = 16.0.29403.142
MinimumVisualStudioVersion = 10.0.40219.1
Project("{FAE04EC0-301F-11D3-BF4B-00C04F79EFBC}") = "DebugConsole", "DebugConsole\DebugConsole.csproj", "{93BAB1D7-9AB4-4603-90A0-F31BA090B9CA}"
EndProject
Global
	GlobalSection(SolutionConfigurationPlatforms) = preSolution
		Debug|Any CPU = Debug|Any CPU
		Release|Any CPU = Release|Any CPU
	EndGlobalSection
	GlobalSection(ProjectConfigurationPlatforms) = postSolution
		{93BAB1D7-9AB4-4603-90A0-F31BA090B9CA}.Debug|Any CPU.ActiveCfg = Debug|Any CPU
		{93BAB1D7-9AB4-4603-90A0-F31BA090B9CA}.Debug|Any CPU.Build.0 = Debug|Any CPU
		{93BAB1D7-9AB4-4603-90A0-F31BA090B9CA}.Release|Any CPU.ActiveCfg = Release|Any CPU
		{93BAB1D7-9AB4-4603-90A0-F31BA090B9CA}.Release|Any CPU.Build.0 = Release|Any CPU
	EndGlobalSection
	GlobalSection(SolutionProperties) = preSolution
		HideSolutionNode = FALSE
	EndGlobalSection
	GlobalSection(ExtensibilityGlobals) = postSolution
		SolutionGuid = {0DAB03CC-4D8A-4CA3-B046-65C70299758E}
	EndGlobalSection
EndGlobal
